
Microsoft Visual Studio Solution File, Format Version 12.00
# Visual Studio Version 16
VisualStudioVersion = 16.0.29519.87
MinimumVisualStudioVersion = 10.0.40219.1
Project("{8BC9CEB8-8B4A-11D0-8D11-00A0C91BC942}") = "GraphClassImplementation", "GraphClassImplementation\GraphClassImplementation.vcxproj", "{668EDD24-1654-4175-89FD-187AF41D35B8}"
EndProject
Global
	GlobalSection(SolutionConfigurationPlatforms) = preSolution
		Debug|x64 = Debug|x64
		Debug|x86 = Debug|x86
		Release|x64 = Release|x64
		Release|x86 = Release|x86
	EndGlobalSection
	GlobalSection(ProjectConfigurationPlatforms) = postSolution
		{668EDD24-1654-4175-89FD-187AF41D35B8}.Debug|x64.ActiveCfg = Debug|x64
		{668EDD24-1654-4175-89FD-187AF41D35B8}.Debug|x64.Build.0 = Debug|x64
		{668EDD24-1654-4175-89FD-187AF41D35B8}.Debug|x86.ActiveCfg = Debug|Win32
		{668EDD24-1654-4175-89FD-187AF41D35B8}.Debug|x86.Build.0 = Debug|Win32
		{668EDD24-1654-4175-89FD-187AF41D35B8}.Release|x64.ActiveCfg = Release|x64
		{668EDD24-1654-4175-89FD-187AF41D35B8}.Release|x64.Build.0 = Release|x64
		{668EDD24-1654-4175-89FD-187AF41D35B8}.Release|x86.ActiveCfg = Release|Win32
		{668EDD24-1654-4175-89FD-187AF41D35B8}.Release|x86.Build.0 = Release|Win32
	EndGlobalSection
	GlobalSection(SolutionProperties) = preSolution
		HideSolutionNode = FALSE
	EndGlobalSection
	GlobalSection(ExtensibilityGlobals) = postSolution
		SolutionGuid = {C5B809CA-2AD4-425B-9644-61198A2A7114}
	EndGlobalSection
EndGlobal
